// !$*UTF8*$!
{
	archiveVersion = 1;
	classes = {
	};
	objectVersion = 48;
	objects = {

/* Begin PBXBuildFile section */
		F34AD3D12037921F0014B4F6 /* AppDelegate.swift in Sources */ = {isa = PBXBuildFile; fileRef = F34AD3D02037921F0014B4F6 /* AppDelegate.swift */; };
		F34AD3D62037921F0014B4F6 /* Main.storyboard in Resources */ = {isa = PBXBuildFile; fileRef = F34AD3D42037921F0014B4F6 /* Main.storyboard */; };
		F34AD3D82037921F0014B4F6 /* Assets.xcassets in Resources */ = {isa = PBXBuildFile; fileRef = F34AD3D72037921F0014B4F6 /* Assets.xcassets */; };
		F34AD3DB2037921F0014B4F6 /* LaunchScreen.storyboard in Resources */ = {isa = PBXBuildFile; fileRef = F34AD3D92037921F0014B4F6 /* LaunchScreen.storyboard */; };
		F34AD3E62037921F0014B4F6 /* phoneverificationTests.swift in Sources */ = {isa = PBXBuildFile; fileRef = F34AD3E52037921F0014B4F6 /* phoneverificationTests.swift */; };
		F34AD3F12037921F0014B4F6 /* phoneverificationUITests.swift in Sources */ = {isa = PBXBuildFile; fileRef = F34AD3F02037921F0014B4F6 /* phoneverificationUITests.swift */; };
		F34AD401203797640014B4F6 /* PhoneVerificationViewController.swift in Sources */ = {isa = PBXBuildFile; fileRef = F34AD400203797640014B4F6 /* PhoneVerificationViewController.swift */; };
		F34AD403203A4F630014B4F6 /* VerificationStartViewController.swift in Sources */ = {isa = PBXBuildFile; fileRef = F34AD402203A4F630014B4F6 /* VerificationStartViewController.swift */; };
		F34AD405203A4F790014B4F6 /* VerificationCheckViewController.swift in Sources */ = {isa = PBXBuildFile; fileRef = F34AD404203A4F790014B4F6 /* VerificationCheckViewController.swift */; };
		F34AD407203A4F850014B4F6 /* VerificationResultViewController.swift in Sources */ = {isa = PBXBuildFile; fileRef = F34AD406203A4F850014B4F6 /* VerificationResultViewController.swift */; };
		F34AD409203A4F970014B4F6 /* AuthyApi.swift in Sources */ = {isa = PBXBuildFile; fileRef = F34AD408203A4F970014B4F6 /* AuthyApi.swift */; };
		F3D8E3162044FDA600ED2710 /* Keys.plist in Resources */ = {isa = PBXBuildFile; fileRef = F3D8E3152044FDA600ED2710 /* Keys.plist */; };
/* End PBXBuildFile section */

/* Begin PBXContainerItemProxy section */
		F34AD3E22037921F0014B4F6 /* PBXContainerItemProxy */ = {
			isa = PBXContainerItemProxy;
			containerPortal = F34AD3C52037921F0014B4F6 /* Project object */;
			proxyType = 1;
			remoteGlobalIDString = F34AD3CC2037921F0014B4F6;
			remoteInfo = phoneverification;
		};
		F34AD3ED2037921F0014B4F6 /* PBXContainerItemProxy */ = {
			isa = PBXContainerItemProxy;
			containerPortal = F34AD3C52037921F0014B4F6 /* Project object */;
			proxyType = 1;
			remoteGlobalIDString = F34AD3CC2037921F0014B4F6;
			remoteInfo = phoneverification;
		};
/* End PBXContainerItemProxy section */

/* Begin PBXFileReference section */
		F34AD3CD2037921F0014B4F6 /* phoneverification.app */ = {isa = PBXFileReference; explicitFileType = wrapper.application; includeInIndex = 0; path = phoneverification.app; sourceTree = BUILT_PRODUCTS_DIR; };
		F34AD3D02037921F0014B4F6 /* AppDelegate.swift */ = {isa = PBXFileReference; lastKnownFileType = sourcecode.swift; path = AppDelegate.swift; sourceTree = "<group>"; };
		F34AD3D52037921F0014B4F6 /* Base */ = {isa = PBXFileReference; lastKnownFileType = file.storyboard; name = Base; path = Base.lproj/Main.storyboard; sourceTree = "<group>"; };
		F34AD3D72037921F0014B4F6 /* Assets.xcassets */ = {isa = PBXFileReference; lastKnownFileType = folder.assetcatalog; path = Assets.xcassets; sourceTree = "<group>"; };
		F34AD3DA2037921F0014B4F6 /* Base */ = {isa = PBXFileReference; lastKnownFileType = file.storyboard; name = Base; path = Base.lproj/LaunchScreen.storyboard; sourceTree = "<group>"; };
		F34AD3DC2037921F0014B4F6 /* Info.plist */ = {isa = PBXFileReference; lastKnownFileType = text.plist.xml; path = Info.plist; sourceTree = "<group>"; };
		F34AD3E12037921F0014B4F6 /* phoneverificationTests.xctest */ = {isa = PBXFileReference; explicitFileType = wrapper.cfbundle; includeInIndex = 0; path = phoneverificationTests.xctest; sourceTree = BUILT_PRODUCTS_DIR; };
		F34AD3E52037921F0014B4F6 /* phoneverificationTests.swift */ = {isa = PBXFileReference; lastKnownFileType = sourcecode.swift; path = phoneverificationTests.swift; sourceTree = "<group>"; };
		F34AD3E72037921F0014B4F6 /* Info.plist */ = {isa = PBXFileReference; lastKnownFileType = text.plist.xml; path = Info.plist; sourceTree = "<group>"; };
		F34AD3EC2037921F0014B4F6 /* phoneverificationUITests.xctest */ = {isa = PBXFileReference; explicitFileType = wrapper.cfbundle; includeInIndex = 0; path = phoneverificationUITests.xctest; sourceTree = BUILT_PRODUCTS_DIR; };
		F34AD3F02037921F0014B4F6 /* phoneverificationUITests.swift */ = {isa = PBXFileReference; lastKnownFileType = sourcecode.swift; path = phoneverificationUITests.swift; sourceTree = "<group>"; };
		F34AD3F22037921F0014B4F6 /* Info.plist */ = {isa = PBXFileReference; lastKnownFileType = text.plist.xml; path = Info.plist; sourceTree = "<group>"; };
		F34AD400203797640014B4F6 /* PhoneVerificationViewController.swift */ = {isa = PBXFileReference; lastKnownFileType = sourcecode.swift; path = PhoneVerificationViewController.swift; sourceTree = "<group>"; };
		F34AD402203A4F630014B4F6 /* VerificationStartViewController.swift */ = {isa = PBXFileReference; lastKnownFileType = sourcecode.swift; path = VerificationStartViewController.swift; sourceTree = "<group>"; };
		F34AD404203A4F790014B4F6 /* VerificationCheckViewController.swift */ = {isa = PBXFileReference; lastKnownFileType = sourcecode.swift; path = VerificationCheckViewController.swift; sourceTree = "<group>"; };
		F34AD406203A4F850014B4F6 /* VerificationResultViewController.swift */ = {isa = PBXFileReference; lastKnownFileType = sourcecode.swift; path = VerificationResultViewController.swift; sourceTree = "<group>"; };
		F34AD408203A4F970014B4F6 /* AuthyApi.swift */ = {isa = PBXFileReference; lastKnownFileType = sourcecode.swift; path = AuthyApi.swift; sourceTree = "<group>"; };
		F3D8E3152044FDA600ED2710 /* Keys.plist */ = {isa = PBXFileReference; lastKnownFileType = text.plist.xml; path = Keys.plist; sourceTree = "<group>"; };
/* End PBXFileReference section */

/* Begin PBXFrameworksBuildPhase section */
		F34AD3CA2037921F0014B4F6 /* Frameworks */ = {
			isa = PBXFrameworksBuildPhase;
			buildActionMask = 2147483647;
			files = (
			);
			runOnlyForDeploymentPostprocessing = 0;
		};
		F34AD3DE2037921F0014B4F6 /* Frameworks */ = {
			isa = PBXFrameworksBuildPhase;
			buildActionMask = 2147483647;
			files = (
			);
			runOnlyForDeploymentPostprocessing = 0;
		};
		F34AD3E92037921F0014B4F6 /* Frameworks */ = {
			isa = PBXFrameworksBuildPhase;
			buildActionMask = 2147483647;
			files = (
			);
			runOnlyForDeploymentPostprocessing = 0;
		};
/* End PBXFrameworksBuildPhase section */

/* Begin PBXGroup section */
		F34AD3C42037921F0014B4F6 = {
			isa = PBXGroup;
			children = (
				F34AD3CF2037921F0014B4F6 /* phoneverification */,
				F34AD3E42037921F0014B4F6 /* phoneverificationTests */,
				F34AD3EF2037921F0014B4F6 /* phoneverificationUITests */,
				F34AD3CE2037921F0014B4F6 /* Products */,
			);
			sourceTree = "<group>";
		};
		F34AD3CE2037921F0014B4F6 /* Products */ = {
			isa = PBXGroup;
			children = (
				F34AD3CD2037921F0014B4F6 /* phoneverification.app */,
				F34AD3E12037921F0014B4F6 /* phoneverificationTests.xctest */,
				F34AD3EC2037921F0014B4F6 /* phoneverificationUITests.xctest */,
			);
			name = Products;
			sourceTree = "<group>";
		};
		F34AD3CF2037921F0014B4F6 /* phoneverification */ = {
			isa = PBXGroup;
			children = (
				F34AD3D02037921F0014B4F6 /* AppDelegate.swift */,
				F34AD3D42037921F0014B4F6 /* Main.storyboard */,
				F34AD3D72037921F0014B4F6 /* Assets.xcassets */,
				F34AD3D92037921F0014B4F6 /* LaunchScreen.storyboard */,
				F34AD3DC2037921F0014B4F6 /* Info.plist */,
				F34AD400203797640014B4F6 /* PhoneVerificationViewController.swift */,
				F34AD402203A4F630014B4F6 /* VerificationStartViewController.swift */,
				F34AD404203A4F790014B4F6 /* VerificationCheckViewController.swift */,
				F34AD406203A4F850014B4F6 /* VerificationResultViewController.swift */,
				F34AD408203A4F970014B4F6 /* AuthyApi.swift */,
				F3D8E3152044FDA600ED2710 /* Keys.plist */,
			);
			path = phoneverification;
			sourceTree = "<group>";
		};
		F34AD3E42037921F0014B4F6 /* phoneverificationTests */ = {
			isa = PBXGroup;
			children = (
				F34AD3E52037921F0014B4F6 /* phoneverificationTests.swift */,
				F34AD3E72037921F0014B4F6 /* Info.plist */,
			);
			path = phoneverificationTests;
			sourceTree = "<group>";
		};
		F34AD3EF2037921F0014B4F6 /* phoneverificationUITests */ = {
			isa = PBXGroup;
			children = (
				F34AD3F02037921F0014B4F6 /* phoneverificationUITests.swift */,
				F34AD3F22037921F0014B4F6 /* Info.plist */,
			);
			path = phoneverificationUITests;
			sourceTree = "<group>";
		};
/* End PBXGroup section */

/* Begin PBXNativeTarget section */
		F34AD3CC2037921F0014B4F6 /* phoneverification */ = {
			isa = PBXNativeTarget;
			buildConfigurationList = F34AD3F52037921F0014B4F6 /* Build configuration list for PBXNativeTarget "phoneverification" */;
			buildPhases = (
				F34AD3C92037921F0014B4F6 /* Sources */,
				F34AD3CA2037921F0014B4F6 /* Frameworks */,
				F34AD3CB2037921F0014B4F6 /* Resources */,
			);
			buildRules = (
			);
			dependencies = (
			);
			name = phoneverification;
			productName = phoneverification;
			productReference = F34AD3CD2037921F0014B4F6 /* phoneverification.app */;
			productType = "com.apple.product-type.application";
		};
		F34AD3E02037921F0014B4F6 /* phoneverificationTests */ = {
			isa = PBXNativeTarget;
			buildConfigurationList = F34AD3F82037921F0014B4F6 /* Build configuration list for PBXNativeTarget "phoneverificationTests" */;
			buildPhases = (
				F34AD3DD2037921F0014B4F6 /* Sources */,
				F34AD3DE2037921F0014B4F6 /* Frameworks */,
				F34AD3DF2037921F0014B4F6 /* Resources */,
			);
			buildRules = (
			);
			dependencies = (
				F34AD3E32037921F0014B4F6 /* PBXTargetDependency */,
			);
			name = phoneverificationTests;
			productName = phoneverificationTests;
			productReference = F34AD3E12037921F0014B4F6 /* phoneverificationTests.xctest */;
			productType = "com.apple.product-type.bundle.unit-test";
		};
		F34AD3EB2037921F0014B4F6 /* phoneverificationUITests */ = {
			isa = PBXNativeTarget;
			buildConfigurationList = F34AD3FB2037921F0014B4F6 /* Build configuration list for PBXNativeTarget "phoneverificationUITests" */;
			buildPhases = (
				F34AD3E82037921F0014B4F6 /* Sources */,
				F34AD3E92037921F0014B4F6 /* Frameworks */,
				F34AD3EA2037921F0014B4F6 /* Resources */,
			);
			buildRules = (
			);
			dependencies = (
				F34AD3EE2037921F0014B4F6 /* PBXTargetDependency */,
			);
			name = phoneverificationUITests;
			productName = phoneverificationUITests;
			productReference = F34AD3EC2037921F0014B4F6 /* phoneverificationUITests.xctest */;
			productType = "com.apple.product-type.bundle.ui-testing";
		};
/* End PBXNativeTarget section */

/* Begin PBXProject section */
		F34AD3C52037921F0014B4F6 /* Project object */ = {
			isa = PBXProject;
			attributes = {
				LastSwiftUpdateCheck = 0920;
				LastUpgradeCheck = 0920;
				ORGANIZATIONNAME = krobs;
				TargetAttributes = {
					F34AD3CC2037921F0014B4F6 = {
						CreatedOnToolsVersion = 9.2;
						ProvisioningStyle = Automatic;
					};
					F34AD3E02037921F0014B4F6 = {
						CreatedOnToolsVersion = 9.2;
						ProvisioningStyle = Automatic;
						TestTargetID = F34AD3CC2037921F0014B4F6;
					};
					F34AD3EB2037921F0014B4F6 = {
						CreatedOnToolsVersion = 9.2;
						ProvisioningStyle = Automatic;
						TestTargetID = F34AD3CC2037921F0014B4F6;
					};
				};
			};
			buildConfigurationList = F34AD3C82037921F0014B4F6 /* Build configuration list for PBXProject "phoneverification" */;
			compatibilityVersion = "Xcode 8.0";
			developmentRegion = en;
			hasScannedForEncodings = 0;
			knownRegions = (
				en,
				Base,
			);
			mainGroup = F34AD3C42037921F0014B4F6;
			productRefGroup = F34AD3CE2037921F0014B4F6 /* Products */;
			projectDirPath = "";
			projectRoot = "";
			targets = (
				F34AD3CC2037921F0014B4F6 /* phoneverification */,
				F34AD3E02037921F0014B4F6 /* phoneverificationTests */,
				F34AD3EB2037921F0014B4F6 /* phoneverificationUITests */,
			);
		};
/* End PBXProject section */

/* Begin PBXResourcesBuildPhase section */
		F34AD3CB2037921F0014B4F6 /* Resources */ = {
			isa = PBXResourcesBuildPhase;
			buildActionMask = 2147483647;
			files = (
				F3D8E3162044FDA600ED2710 /* Keys.plist in Resources */,
				F34AD3DB2037921F0014B4F6 /* LaunchScreen.storyboard in Resources */,
				F34AD3D82037921F0014B4F6 /* Assets.xcassets in Resources */,
				F34AD3D62037921F0014B4F6 /* Main.storyboard in Resources */,
			);
			runOnlyForDeploymentPostprocessing = 0;
		};
		F34AD3DF2037921F0014B4F6 /* Resources */ = {
			isa = PBXResourcesBuildPhase;
			buildActionMask = 2147483647;
			files = (
			);
			runOnlyForDeploymentPostprocessing = 0;
		};
		F34AD3EA2037921F0014B4F6 /* Resources */ = {
			isa = PBXResourcesBuildPhase;
			buildActionMask = 2147483647;
			files = (
			);
			runOnlyForDeploymentPostprocessing = 0;
		};
/* End PBXResourcesBuildPhase section */

/* Begin PBXSourcesBuildPhase section */
		F34AD3C92037921F0014B4F6 /* Sources */ = {
			isa = PBXSourcesBuildPhase;
			buildActionMask = 2147483647;
			files = (
				F34AD407203A4F850014B4F6 /* VerificationResultViewController.swift in Sources */,
				F34AD405203A4F790014B4F6 /* VerificationCheckViewController.swift in Sources */,
				F34AD401203797640014B4F6 /* PhoneVerificationViewController.swift in Sources */,
				F34AD3D12037921F0014B4F6 /* AppDelegate.swift in Sources */,
				F34AD409203A4F970014B4F6 /* AuthyApi.swift in Sources */,
				F34AD403203A4F630014B4F6 /* VerificationStartViewController.swift in Sources */,
			);
			runOnlyForDeploymentPostprocessing = 0;
		};
		F34AD3DD2037921F0014B4F6 /* Sources */ = {
			isa = PBXSourcesBuildPhase;
			buildActionMask = 2147483647;
			files = (
				F34AD3E62037921F0014B4F6 /* phoneverificationTests.swift in Sources */,
			);
			runOnlyForDeploymentPostprocessing = 0;
		};
		F34AD3E82037921F0014B4F6 /* Sources */ = {
			isa = PBXSourcesBuildPhase;
			buildActionMask = 2147483647;
			files = (
				F34AD3F12037921F0014B4F6 /* phoneverificationUITests.swift in Sources */,
			);
			runOnlyForDeploymentPostprocessing = 0;
		};
/* End PBXSourcesBuildPhase section */

/* Begin PBXTargetDependency section */
		F34AD3E32037921F0014B4F6 /* PBXTargetDependency */ = {
			isa = PBXTargetDependency;
			target = F34AD3CC2037921F0014B4F6 /* phoneverification */;
			targetProxy = F34AD3E22037921F0014B4F6 /* PBXContainerItemProxy */;
		};
		F34AD3EE2037921F0014B4F6 /* PBXTargetDependency */ = {
			isa = PBXTargetDependency;
			target = F34AD3CC2037921F0014B4F6 /* phoneverification */;
			targetProxy = F34AD3ED2037921F0014B4F6 /* PBXContainerItemProxy */;
		};
/* End PBXTargetDependency section */

/* Begin PBXVariantGroup section */
		F34AD3D42037921F0014B4F6 /* Main.storyboard */ = {
			isa = PBXVariantGroup;
			children = (
				F34AD3D52037921F0014B4F6 /* Base */,
			);
			name = Main.storyboard;
			sourceTree = "<group>";
		};
		F34AD3D92037921F0014B4F6 /* LaunchScreen.storyboard */ = {
			isa = PBXVariantGroup;
			children = (
				F34AD3DA2037921F0014B4F6 /* Base */,
			);
			name = LaunchScreen.storyboard;
			sourceTree = "<group>";
		};
/* End PBXVariantGroup section */

/* Begin XCBuildConfiguration section */
		F34AD3F32037921F0014B4F6 /* Debug */ = {
			isa = XCBuildConfiguration;
			buildSettings = {
				ALWAYS_SEARCH_USER_PATHS = NO;
				CLANG_ANALYZER_NONNULL = YES;
				CLANG_ANALYZER_NUMBER_OBJECT_CONVERSION = YES_AGGRESSIVE;
				CLANG_CXX_LANGUAGE_STANDARD = "gnu++14";
				CLANG_CXX_LIBRARY = "libc++";
				CLANG_ENABLE_MODULES = YES;
				CLANG_ENABLE_OBJC_ARC = YES;
				CLANG_WARN_BLOCK_CAPTURE_AUTORELEASING = YES;
				CLANG_WARN_BOOL_CONVERSION = YES;
				CLANG_WARN_COMMA = YES;
				CLANG_WARN_CONSTANT_CONVERSION = YES;
				CLANG_WARN_DIRECT_OBJC_ISA_USAGE = YES_ERROR;
				CLANG_WARN_DOCUMENTATION_COMMENTS = YES;
				CLANG_WARN_EMPTY_BODY = YES;
				CLANG_WARN_ENUM_CONVERSION = YES;
				CLANG_WARN_INFINITE_RECURSION = YES;
				CLANG_WARN_INT_CONVERSION = YES;
				CLANG_WARN_NON_LITERAL_NULL_CONVERSION = YES;
				CLANG_WARN_OBJC_LITERAL_CONVERSION = YES;
				CLANG_WARN_OBJC_ROOT_CLASS = YES_ERROR;
				CLANG_WARN_RANGE_LOOP_ANALYSIS = YES;
				CLANG_WARN_STRICT_PROTOTYPES = YES;
				CLANG_WARN_SUSPICIOUS_MOVE = YES;
				CLANG_WARN_UNGUARDED_AVAILABILITY = YES_AGGRESSIVE;
				CLANG_WARN_UNREACHABLE_CODE = YES;
				CLANG_WARN__DUPLICATE_METHOD_MATCH = YES;
				CODE_SIGN_IDENTITY = "iPhone Developer";
				COPY_PHASE_STRIP = NO;
				DEBUG_INFORMATION_FORMAT = dwarf;
				ENABLE_STRICT_OBJC_MSGSEND = YES;
				ENABLE_TESTABILITY = YES;
				GCC_C_LANGUAGE_STANDARD = gnu11;
				GCC_DYNAMIC_NO_PIC = NO;
				GCC_NO_COMMON_BLOCKS = YES;
				GCC_OPTIMIZATION_LEVEL = 0;
				GCC_PREPROCESSOR_DEFINITIONS = (
					"DEBUG=1",
					"$(inherited)",
				);
				GCC_WARN_64_TO_32_BIT_CONVERSION = YES;
				GCC_WARN_ABOUT_RETURN_TYPE = YES_ERROR;
				GCC_WARN_UNDECLARED_SELECTOR = YES;
				GCC_WARN_UNINITIALIZED_AUTOS = YES_AGGRESSIVE;
				GCC_WARN_UNUSED_FUNCTION = YES;
				GCC_WARN_UNUSED_VARIABLE = YES;
				IPHONEOS_DEPLOYMENT_TARGET = 11.2;
				MTL_ENABLE_DEBUG_INFO = YES;
				ONLY_ACTIVE_ARCH = YES;
				SDKROOT = iphoneos;
				SWIFT_ACTIVE_COMPILATION_CONDITIONS = DEBUG;
				SWIFT_OPTIMIZATION_LEVEL = "-Onone";
			};
			name = Debug;
		};
		F34AD3F42037921F0014B4F6 /* Release */ = {
			isa = XCBuildConfiguration;
			buildSettings = {
				ALWAYS_SEARCH_USER_PATHS = NO;
				CLANG_ANALYZER_NONNULL = YES;
				CLANG_ANALYZER_NUMBER_OBJECT_CONVERSION = YES_AGGRESSIVE;
				CLANG_CXX_LANGUAGE_STANDARD = "gnu++14";
				CLANG_CXX_LIBRARY = "libc++";
				CLANG_ENABLE_MODULES = YES;
				CLANG_ENABLE_OBJC_ARC = YES;
				CLANG_WARN_BLOCK_CAPTURE_AUTORELEASING = YES;
				CLANG_WARN_BOOL_CONVERSION = YES;
				CLANG_WARN_COMMA = YES;
				CLANG_WARN_CONSTANT_CONVERSION = YES;
				CLANG_WARN_DIRECT_OBJC_ISA_USAGE = YES_ERROR;
				CLANG_WARN_DOCUMENTATION_COMMENTS = YES;
				CLANG_WARN_EMPTY_BODY = YES;
				CLANG_WARN_ENUM_CONVERSION = YES;
				CLANG_WARN_INFINITE_RECURSION = YES;
				CLANG_WARN_INT_CONVERSION = YES;
				CLANG_WARN_NON_LITERAL_NULL_CONVERSION = YES;
				CLANG_WARN_OBJC_LITERAL_CONVERSION = YES;
				CLANG_WARN_OBJC_ROOT_CLASS = YES_ERROR;
				CLANG_WARN_RANGE_LOOP_ANALYSIS = YES;
				CLANG_WARN_STRICT_PROTOTYPES = YES;
				CLANG_WARN_SUSPICIOUS_MOVE = YES;
				CLANG_WARN_UNGUARDED_AVAILABILITY = YES_AGGRESSIVE;
				CLANG_WARN_UNREACHABLE_CODE = YES;
				CLANG_WARN__DUPLICATE_METHOD_MATCH = YES;
				CODE_SIGN_IDENTITY = "iPhone Developer";
				COPY_PHASE_STRIP = NO;
				DEBUG_INFORMATION_FORMAT = "dwarf-with-dsym";
				ENABLE_NS_ASSERTIONS = NO;
				ENABLE_STRICT_OBJC_MSGSEND = YES;
				GCC_C_LANGUAGE_STANDARD = gnu11;
				GCC_NO_COMMON_BLOCKS = YES;
				GCC_WARN_64_TO_32_BIT_CONVERSION = YES;
				GCC_WARN_ABOUT_RETURN_TYPE = YES_ERROR;
				GCC_WARN_UNDECLARED_SELECTOR = YES;
				GCC_WARN_UNINITIALIZED_AUTOS = YES_AGGRESSIVE;
				GCC_WARN_UNUSED_FUNCTION = YES;
				GCC_WARN_UNUSED_VARIABLE = YES;
				IPHONEOS_DEPLOYMENT_TARGET = 11.2;
				MTL_ENABLE_DEBUG_INFO = NO;
				SDKROOT = iphoneos;
				SWIFT_OPTIMIZATION_LEVEL = "-Owholemodule";
				VALIDATE_PRODUCT = YES;
			};
			name = Release;
		};
		F34AD3F62037921F0014B4F6 /* Debug */ = {
			isa = XCBuildConfiguration;
			buildSettings = {
				ASSETCATALOG_COMPILER_APPICON_NAME = AppIcon;
				CODE_SIGN_STYLE = Automatic;
				INFOPLIST_FILE = phoneverification/Info.plist;
				LD_RUNPATH_SEARCH_PATHS = "$(inherited) @executable_path/Frameworks";
				PRODUCT_BUNDLE_IDENTIFIER = me.krobinson.phoneverification;
				PRODUCT_NAME = "$(TARGET_NAME)";
				SWIFT_VERSION = 4.0;
				TARGETED_DEVICE_FAMILY = "1,2";
			};
			name = Debug;
		};
		F34AD3F72037921F0014B4F6 /* Release */ = {
			isa = XCBuildConfiguration;
			buildSettings = {
				ASSETCATALOG_COMPILER_APPICON_NAME = AppIcon;
				CODE_SIGN_STYLE = Automatic;
				INFOPLIST_FILE = phoneverification/Info.plist;
				LD_RUNPATH_SEARCH_PATHS = "$(inherited) @executable_path/Frameworks";
				PRODUCT_BUNDLE_IDENTIFIER = me.krobinson.phoneverification;
				PRODUCT_NAME = "$(TARGET_NAME)";
				SWIFT_VERSION = 4.0;
				TARGETED_DEVICE_FAMILY = "1,2";
			};
			name = Release;
		};
		F34AD3F92037921F0014B4F6 /* Debug */ = {
			isa = XCBuildConfiguration;
			buildSettings = {
				ALWAYS_EMBED_SWIFT_STANDARD_LIBRARIES = YES;
				BUNDLE_LOADER = "$(TEST_HOST)";
				CODE_SIGN_STYLE = Automatic;
				INFOPLIST_FILE = phoneverificationTests/Info.plist;
				LD_RUNPATH_SEARCH_PATHS = "$(inherited) @executable_path/Frameworks @loader_path/Frameworks";
				PRODUCT_BUNDLE_IDENTIFIER = me.krobinson.phoneverificationTests;
				PRODUCT_NAME = "$(TARGET_NAME)";
				SWIFT_VERSION = 4.0;
				TARGETED_DEVICE_FAMILY = "1,2";
				TEST_HOST = "$(BUILT_PRODUCTS_DIR)/phoneverification.app/phoneverification";
			};
			name = Debug;
		};
		F34AD3FA2037921F0014B4F6 /* Release */ = {
			isa = XCBuildConfiguration;
			buildSettings = {
				ALWAYS_EMBED_SWIFT_STANDARD_LIBRARIES = YES;
				BUNDLE_LOADER = "$(TEST_HOST)";
				CODE_SIGN_STYLE = Automatic;
				INFOPLIST_FILE = phoneverificationTests/Info.plist;
				LD_RUNPATH_SEARCH_PATHS = "$(inherited) @executable_path/Frameworks @loader_path/Frameworks";
				PRODUCT_BUNDLE_IDENTIFIER = me.krobinson.phoneverificationTests;
				PRODUCT_NAME = "$(TARGET_NAME)";
				SWIFT_VERSION = 4.0;
				TARGETED_DEVICE_FAMILY = "1,2";
				TEST_HOST = "$(BUILT_PRODUCTS_DIR)/phoneverification.app/phoneverification";
			};
			name = Release;
		};
		F34AD3FC2037921F0014B4F6 /* Debug */ = {
			isa = XCBuildConfiguration;
			buildSettings = {
				ALWAYS_EMBED_SWIFT_STANDARD_LIBRARIES = YES;
				CODE_SIGN_STYLE = Automatic;
				INFOPLIST_FILE = phoneverificationUITests/Info.plist;
				LD_RUNPATH_SEARCH_PATHS = "$(inherited) @executable_path/Frameworks @loader_path/Frameworks";
				PRODUCT_BUNDLE_IDENTIFIER = me.krobinson.phoneverificationUITests;
				PRODUCT_NAME = "$(TARGET_NAME)";
				SWIFT_VERSION = 4.0;
				TARGETED_DEVICE_FAMILY = "1,2";
				TEST_TARGET_NAME = phoneverification;
			};
			name = Debug;
		};
		F34AD3FD2037921F0014B4F6 /* Release */ = {
			isa = XCBuildConfiguration;
			buildSettings = {
				ALWAYS_EMBED_SWIFT_STANDARD_LIBRARIES = YES;
				CODE_SIGN_STYLE = Automatic;
				INFOPLIST_FILE = phoneverificationUITests/Info.plist;
				LD_RUNPATH_SEARCH_PATHS = "$(inherited) @executable_path/Frameworks @loader_path/Frameworks";
				PRODUCT_BUNDLE_IDENTIFIER = me.krobinson.phoneverificationUITests;
				PRODUCT_NAME = "$(TARGET_NAME)";
				SWIFT_VERSION = 4.0;
				TARGETED_DEVICE_FAMILY = "1,2";
				TEST_TARGET_NAME = phoneverification;
			};
			name = Release;
		};
/* End XCBuildConfiguration section */

/* Begin XCConfigurationList section */
		F34AD3C82037921F0014B4F6 /* Build configuration list for PBXProject "phoneverification" */ = {
			isa = XCConfigurationList;
			buildConfigurations = (
				F34AD3F32037921F0014B4F6 /* Debug */,
				F34AD3F42037921F0014B4F6 /* Release */,
			);
			defaultConfigurationIsVisible = 0;
			defaultConfigurationName = Release;
		};
		F34AD3F52037921F0014B4F6 /* Build configuration list for PBXNativeTarget "phoneverification" */ = {
			isa = XCConfigurationList;
			buildConfigurations = (
				F34AD3F62037921F0014B4F6 /* Debug */,
				F34AD3F72037921F0014B4F6 /* Release */,
			);
			defaultConfigurationIsVisible = 0;
			defaultConfigurationName = Release;
		};
		F34AD3F82037921F0014B4F6 /* Build configuration list for PBXNativeTarget "phoneverificationTests" */ = {
			isa = XCConfigurationList;
			buildConfigurations = (
				F34AD3F92037921F0014B4F6 /* Debug */,
				F34AD3FA2037921F0014B4F6 /* Release */,
			);
			defaultConfigurationIsVisible = 0;
			defaultConfigurationName = Release;
		};
		F34AD3FB2037921F0014B4F6 /* Build configuration list for PBXNativeTarget "phoneverificationUITests" */ = {
			isa = XCConfigurationList;
			buildConfigurations = (
				F34AD3FC2037921F0014B4F6 /* Debug */,
				F34AD3FD2037921F0014B4F6 /* Release */,
			);
			defaultConfigurationIsVisible = 0;
			defaultConfigurationName = Release;
		};
/* End XCConfigurationList section */
	};
	rootObject = F34AD3C52037921F0014B4F6 /* Project object */;
}
