// !$*UTF8*$!
{
	archiveVersion = 1;
	classes = {
	};
	objectVersion = 48;
	objects = {

/* Begin PBXBuildFile section */
		F35DC5E220EC3B4E0057E993 /* AppDelegate.swift in Sources */ = {isa = PBXBuildFile; fileRef = F35DC5E120EC3B4E0057E993 /* AppDelegate.swift */; };
		F35DC5E720EC3B4E0057E993 /* Main.storyboard in Resources */ = {isa = PBXBuildFile; fileRef = F35DC5E520EC3B4E0057E993 /* Main.storyboard */; };
		F35DC5E920EC3B4E0057E993 /* Assets.xcassets in Resources */ = {isa = PBXBuildFile; fileRef = F35DC5E820EC3B4E0057E993 /* Assets.xcassets */; };
		F35DC5EC20EC3B4E0057E993 /* LaunchScreen.storyboard in Resources */ = {isa = PBXBuildFile; fileRef = F35DC5EA20EC3B4E0057E993 /* LaunchScreen.storyboard */; };
		F35DC5F420EC3BB00057E993 /* Keys.plist in Resources */ = {isa = PBXBuildFile; fileRef = F35DC5F320EC3BB00057E993 /* Keys.plist */; };
		F35DC5FC20EC4C960057E993 /* StartVerificationViewController.swift in Sources */ = {isa = PBXBuildFile; fileRef = F35DC5FB20EC4C960057E993 /* StartVerificationViewController.swift */; };
		F35DC5FE20EC4CA20057E993 /* CheckVerificationViewController.swift in Sources */ = {isa = PBXBuildFile; fileRef = F35DC5FD20EC4CA20057E993 /* CheckVerificationViewController.swift */; };
		F35DC60020EC4CAC0057E993 /* VerificationResultViewController.swift in Sources */ = {isa = PBXBuildFile; fileRef = F35DC5FF20EC4CAC0057E993 /* VerificationResultViewController.swift */; };
		F35DC60220EC4DE40057E993 /* VerifyAPI.swift in Sources */ = {isa = PBXBuildFile; fileRef = F35DC60120EC4DE40057E993 /* VerifyAPI.swift */; };
/* End PBXBuildFile section */

/* Begin PBXFileReference section */
		F35DC5DE20EC3B4E0057E993 /* Phone Verification.app */ = {isa = PBXFileReference; explicitFileType = wrapper.application; includeInIndex = 0; path = "Phone Verification.app"; sourceTree = BUILT_PRODUCTS_DIR; };
		F35DC5E120EC3B4E0057E993 /* AppDelegate.swift */ = {isa = PBXFileReference; lastKnownFileType = sourcecode.swift; path = AppDelegate.swift; sourceTree = "<group>"; };
		F35DC5E620EC3B4E0057E993 /* Base */ = {isa = PBXFileReference; lastKnownFileType = file.storyboard; name = Base; path = Base.lproj/Main.storyboard; sourceTree = "<group>"; };
		F35DC5E820EC3B4E0057E993 /* Assets.xcassets */ = {isa = PBXFileReference; lastKnownFileType = folder.assetcatalog; path = Assets.xcassets; sourceTree = "<group>"; };
		F35DC5EB20EC3B4E0057E993 /* Base */ = {isa = PBXFileReference; lastKnownFileType = file.storyboard; name = Base; path = Base.lproj/LaunchScreen.storyboard; sourceTree = "<group>"; };
		F35DC5ED20EC3B4E0057E993 /* Info.plist */ = {isa = PBXFileReference; lastKnownFileType = text.plist.xml; path = Info.plist; sourceTree = "<group>"; };
		F35DC5F320EC3BB00057E993 /* Keys.plist */ = {isa = PBXFileReference; lastKnownFileType = text.plist.xml; path = Keys.plist; sourceTree = "<group>"; };
		F35DC5FB20EC4C960057E993 /* StartVerificationViewController.swift */ = {isa = PBXFileReference; lastKnownFileType = sourcecode.swift; path = StartVerificationViewController.swift; sourceTree = "<group>"; };
		F35DC5FD20EC4CA20057E993 /* CheckVerificationViewController.swift */ = {isa = PBXFileReference; lastKnownFileType = sourcecode.swift; path = CheckVerificationViewController.swift; sourceTree = "<group>"; };
		F35DC5FF20EC4CAC0057E993 /* VerificationResultViewController.swift */ = {isa = PBXFileReference; lastKnownFileType = sourcecode.swift; path = VerificationResultViewController.swift; sourceTree = "<group>"; };
		F35DC60120EC4DE40057E993 /* VerifyAPI.swift */ = {isa = PBXFileReference; lastKnownFileType = sourcecode.swift; path = VerifyAPI.swift; sourceTree = "<group>"; };
/* End PBXFileReference section */

/* Begin PBXFrameworksBuildPhase section */
		F35DC5DB20EC3B4E0057E993 /* Frameworks */ = {
			isa = PBXFrameworksBuildPhase;
			buildActionMask = 2147483647;
			files = (
			);
			runOnlyForDeploymentPostprocessing = 0;
		};
/* End PBXFrameworksBuildPhase section */

/* Begin PBXGroup section */
		F35DC5D520EC3B4E0057E993 = {
			isa = PBXGroup;
			children = (
				F35DC5E020EC3B4E0057E993 /* Phone Verification */,
				F35DC5DF20EC3B4E0057E993 /* Products */,
			);
			sourceTree = "<group>";
		};
		F35DC5DF20EC3B4E0057E993 /* Products */ = {
			isa = PBXGroup;
			children = (
				F35DC5DE20EC3B4E0057E993 /* Phone Verification.app */,
			);
			name = Products;
			sourceTree = "<group>";
		};
		F35DC5E020EC3B4E0057E993 /* Phone Verification */ = {
			isa = PBXGroup;
			children = (
				F35DC5F320EC3BB00057E993 /* Keys.plist */,
				F35DC5E120EC3B4E0057E993 /* AppDelegate.swift */,
				F35DC5FB20EC4C960057E993 /* StartVerificationViewController.swift */,
				F35DC5FD20EC4CA20057E993 /* CheckVerificationViewController.swift */,
				F35DC60120EC4DE40057E993 /* VerifyAPI.swift */,
				F35DC5FF20EC4CAC0057E993 /* VerificationResultViewController.swift */,
				F35DC5E520EC3B4E0057E993 /* Main.storyboard */,
				F35DC5E820EC3B4E0057E993 /* Assets.xcassets */,
				F35DC5EA20EC3B4E0057E993 /* LaunchScreen.storyboard */,
				F35DC5ED20EC3B4E0057E993 /* Info.plist */,
			);
			path = "Phone Verification";
			sourceTree = "<group>";
		};
/* End PBXGroup section */

/* Begin PBXNativeTarget section */
		F35DC5DD20EC3B4E0057E993 /* Phone Verification */ = {
			isa = PBXNativeTarget;
			buildConfigurationList = F35DC5F020EC3B4E0057E993 /* Build configuration list for PBXNativeTarget "Phone Verification" */;
			buildPhases = (
				F35DC5DA20EC3B4E0057E993 /* Sources */,
				F35DC5DB20EC3B4E0057E993 /* Frameworks */,
				F35DC5DC20EC3B4E0057E993 /* Resources */,
			);
			buildRules = (
			);
			dependencies = (
			);
			name = "Phone Verification";
			productName = "Phone Verification";
			productReference = F35DC5DE20EC3B4E0057E993 /* Phone Verification.app */;
			productType = "com.apple.product-type.application";
		};
/* End PBXNativeTarget section */

/* Begin PBXProject section */
		F35DC5D620EC3B4E0057E993 /* Project object */ = {
			isa = PBXProject;
			attributes = {
				LastSwiftUpdateCheck = 0920;
				LastUpgradeCheck = 0920;
				ORGANIZATIONNAME = krobs;
				TargetAttributes = {
					F35DC5DD20EC3B4E0057E993 = {
						CreatedOnToolsVersion = 9.2;
						ProvisioningStyle = Automatic;
					};
				};
			};
			buildConfigurationList = F35DC5D920EC3B4E0057E993 /* Build configuration list for PBXProject "Phone Verification" */;
			compatibilityVersion = "Xcode 8.0";
			developmentRegion = en;
			hasScannedForEncodings = 0;
			knownRegions = (
				en,
				Base,
			);
			mainGroup = F35DC5D520EC3B4E0057E993;
			productRefGroup = F35DC5DF20EC3B4E0057E993 /* Products */;
			projectDirPath = "";
			projectRoot = "";
			targets = (
				F35DC5DD20EC3B4E0057E993 /* Phone Verification */,
			);
		};
/* End PBXProject section */

/* Begin PBXResourcesBuildPhase section */
		F35DC5DC20EC3B4E0057E993 /* Resources */ = {
			isa = PBXResourcesBuildPhase;
			buildActionMask = 2147483647;
			files = (
				F35DC5F420EC3BB00057E993 /* Keys.plist in Resources */,
				F35DC5EC20EC3B4E0057E993 /* LaunchScreen.storyboard in Resources */,
				F35DC5E920EC3B4E0057E993 /* Assets.xcassets in Resources */,
				F35DC5E720EC3B4E0057E993 /* Main.storyboard in Resources */,
			);
			runOnlyForDeploymentPostprocessing = 0;
		};
/* End PBXResourcesBuildPhase section */

/* Begin PBXSourcesBuildPhase section */
		F35DC5DA20EC3B4E0057E993 /* Sources */ = {
			isa = PBXSourcesBuildPhase;
			buildActionMask = 2147483647;
			files = (
				F35DC60020EC4CAC0057E993 /* VerificationResultViewController.swift in Sources */,
				F35DC5FE20EC4CA20057E993 /* CheckVerificationViewController.swift in Sources */,
				F35DC60220EC4DE40057E993 /* VerifyAPI.swift in Sources */,
				F35DC5E220EC3B4E0057E993 /* AppDelegate.swift in Sources */,
				F35DC5FC20EC4C960057E993 /* StartVerificationViewController.swift in Sources */,
			);
			runOnlyForDeploymentPostprocessing = 0;
		};
/* End PBXSourcesBuildPhase section */

/* Begin PBXVariantGroup section */
		F35DC5E520EC3B4E0057E993 /* Main.storyboard */ = {
			isa = PBXVariantGroup;
			children = (
				F35DC5E620EC3B4E0057E993 /* Base */,
			);
			name = Main.storyboard;
			sourceTree = "<group>";
		};
		F35DC5EA20EC3B4E0057E993 /* LaunchScreen.storyboard */ = {
			isa = PBXVariantGroup;
			children = (
				F35DC5EB20EC3B4E0057E993 /* Base */,
			);
			name = LaunchScreen.storyboard;
			sourceTree = "<group>";
		};
/* End PBXVariantGroup section */

/* Begin XCBuildConfiguration section */
		F35DC5EE20EC3B4E0057E993 /* Debug */ = {
			isa = XCBuildConfiguration;
			buildSettings = {
				ALWAYS_SEARCH_USER_PATHS = NO;
				CLANG_ANALYZER_NONNULL = YES;
				CLANG_ANALYZER_NUMBER_OBJECT_CONVERSION = YES_AGGRESSIVE;
				CLANG_CXX_LANGUAGE_STANDARD = "gnu++14";
				CLANG_CXX_LIBRARY = "libc++";
				CLANG_ENABLE_MODULES = YES;
				CLANG_ENABLE_OBJC_ARC = YES;
				CLANG_WARN_BLOCK_CAPTURE_AUTORELEASING = YES;
				CLANG_WARN_BOOL_CONVERSION = YES;
				CLANG_WARN_COMMA = YES;
				CLANG_WARN_CONSTANT_CONVERSION = YES;
				CLANG_WARN_DIRECT_OBJC_ISA_USAGE = YES_ERROR;
				CLANG_WARN_DOCUMENTATION_COMMENTS = YES;
				CLANG_WARN_EMPTY_BODY = YES;
				CLANG_WARN_ENUM_CONVERSION = YES;
				CLANG_WARN_INFINITE_RECURSION = YES;
				CLANG_WARN_INT_CONVERSION = YES;
				CLANG_WARN_NON_LITERAL_NULL_CONVERSION = YES;
				CLANG_WARN_OBJC_LITERAL_CONVERSION = YES;
				CLANG_WARN_OBJC_ROOT_CLASS = YES_ERROR;
				CLANG_WARN_RANGE_LOOP_ANALYSIS = YES;
				CLANG_WARN_STRICT_PROTOTYPES = YES;
				CLANG_WARN_SUSPICIOUS_MOVE = YES;
				CLANG_WARN_UNGUARDED_AVAILABILITY = YES_AGGRESSIVE;
				CLANG_WARN_UNREACHABLE_CODE = YES;
				CLANG_WARN__DUPLICATE_METHOD_MATCH = YES;
				CODE_SIGN_IDENTITY = "iPhone Developer";
				COPY_PHASE_STRIP = NO;
				DEBUG_INFORMATION_FORMAT = dwarf;
				ENABLE_STRICT_OBJC_MSGSEND = YES;
				ENABLE_TESTABILITY = YES;
				GCC_C_LANGUAGE_STANDARD = gnu11;
				GCC_DYNAMIC_NO_PIC = NO;
				GCC_NO_COMMON_BLOCKS = YES;
				GCC_OPTIMIZATION_LEVEL = 0;
				GCC_PREPROCESSOR_DEFINITIONS = (
					"DEBUG=1",
					"$(inherited)",
				);
				GCC_WARN_64_TO_32_BIT_CONVERSION = YES;
				GCC_WARN_ABOUT_RETURN_TYPE = YES_ERROR;
				GCC_WARN_UNDECLARED_SELECTOR = YES;
				GCC_WARN_UNINITIALIZED_AUTOS = YES_AGGRESSIVE;
				GCC_WARN_UNUSED_FUNCTION = YES;
				GCC_WARN_UNUSED_VARIABLE = YES;
				IPHONEOS_DEPLOYMENT_TARGET = 11.2;
				MTL_ENABLE_DEBUG_INFO = YES;
				ONLY_ACTIVE_ARCH = YES;
				SDKROOT = iphoneos;
				SWIFT_ACTIVE_COMPILATION_CONDITIONS = DEBUG;
				SWIFT_OPTIMIZATION_LEVEL = "-Onone";
			};
			name = Debug;
		};
		F35DC5EF20EC3B4E0057E993 /* Release */ = {
			isa = XCBuildConfiguration;
			buildSettings = {
				ALWAYS_SEARCH_USER_PATHS = NO;
				CLANG_ANALYZER_NONNULL = YES;
				CLANG_ANALYZER_NUMBER_OBJECT_CONVERSION = YES_AGGRESSIVE;
				CLANG_CXX_LANGUAGE_STANDARD = "gnu++14";
				CLANG_CXX_LIBRARY = "libc++";
				CLANG_ENABLE_MODULES = YES;
				CLANG_ENABLE_OBJC_ARC = YES;
				CLANG_WARN_BLOCK_CAPTURE_AUTORELEASING = YES;
				CLANG_WARN_BOOL_CONVERSION = YES;
				CLANG_WARN_COMMA = YES;
				CLANG_WARN_CONSTANT_CONVERSION = YES;
				CLANG_WARN_DIRECT_OBJC_ISA_USAGE = YES_ERROR;
				CLANG_WARN_DOCUMENTATION_COMMENTS = YES;
				CLANG_WARN_EMPTY_BODY = YES;
				CLANG_WARN_ENUM_CONVERSION = YES;
				CLANG_WARN_INFINITE_RECURSION = YES;
				CLANG_WARN_INT_CONVERSION = YES;
				CLANG_WARN_NON_LITERAL_NULL_CONVERSION = YES;
				CLANG_WARN_OBJC_LITERAL_CONVERSION = YES;
				CLANG_WARN_OBJC_ROOT_CLASS = YES_ERROR;
				CLANG_WARN_RANGE_LOOP_ANALYSIS = YES;
				CLANG_WARN_STRICT_PROTOTYPES = YES;
				CLANG_WARN_SUSPICIOUS_MOVE = YES;
				CLANG_WARN_UNGUARDED_AVAILABILITY = YES_AGGRESSIVE;
				CLANG_WARN_UNREACHABLE_CODE = YES;
				CLANG_WARN__DUPLICATE_METHOD_MATCH = YES;
				CODE_SIGN_IDENTITY = "iPhone Developer";
				COPY_PHASE_STRIP = NO;
				DEBUG_INFORMATION_FORMAT = "dwarf-with-dsym";
				ENABLE_NS_ASSERTIONS = NO;
				ENABLE_STRICT_OBJC_MSGSEND = YES;
				GCC_C_LANGUAGE_STANDARD = gnu11;
				GCC_NO_COMMON_BLOCKS = YES;
				GCC_WARN_64_TO_32_BIT_CONVERSION = YES;
				GCC_WARN_ABOUT_RETURN_TYPE = YES_ERROR;
				GCC_WARN_UNDECLARED_SELECTOR = YES;
				GCC_WARN_UNINITIALIZED_AUTOS = YES_AGGRESSIVE;
				GCC_WARN_UNUSED_FUNCTION = YES;
				GCC_WARN_UNUSED_VARIABLE = YES;
				IPHONEOS_DEPLOYMENT_TARGET = 11.2;
				MTL_ENABLE_DEBUG_INFO = NO;
				SDKROOT = iphoneos;
				SWIFT_OPTIMIZATION_LEVEL = "-Owholemodule";
				VALIDATE_PRODUCT = YES;
			};
			name = Release;
		};
		F35DC5F120EC3B4E0057E993 /* Debug */ = {
			isa = XCBuildConfiguration;
			buildSettings = {
				ASSETCATALOG_COMPILER_APPICON_NAME = AppIcon;
				CODE_SIGN_STYLE = Automatic;
				INFOPLIST_FILE = "Phone Verification/Info.plist";
				LD_RUNPATH_SEARCH_PATHS = "$(inherited) @executable_path/Frameworks";
				PRODUCT_BUNDLE_IDENTIFIER = "me.krobinson.Phone-Verification";
				PRODUCT_NAME = "$(TARGET_NAME)";
				SWIFT_VERSION = 4.0;
				TARGETED_DEVICE_FAMILY = "1,2";
			};
			name = Debug;
		};
		F35DC5F220EC3B4E0057E993 /* Release */ = {
			isa = XCBuildConfiguration;
			buildSettings = {
				ASSETCATALOG_COMPILER_APPICON_NAME = AppIcon;
				CODE_SIGN_STYLE = Automatic;
				INFOPLIST_FILE = "Phone Verification/Info.plist";
				LD_RUNPATH_SEARCH_PATHS = "$(inherited) @executable_path/Frameworks";
				PRODUCT_BUNDLE_IDENTIFIER = "me.krobinson.Phone-Verification";
				PRODUCT_NAME = "$(TARGET_NAME)";
				SWIFT_VERSION = 4.0;
				TARGETED_DEVICE_FAMILY = "1,2";
			};
			name = Release;
		};
/* End XCBuildConfiguration section */

/* Begin XCConfigurationList section */
		F35DC5D920EC3B4E0057E993 /* Build configuration list for PBXProject "Phone Verification" */ = {
			isa = XCConfigurationList;
			buildConfigurations = (
				F35DC5EE20EC3B4E0057E993 /* Debug */,
				F35DC5EF20EC3B4E0057E993 /* Release */,
			);
			defaultConfigurationIsVisible = 0;
			defaultConfigurationName = Release;
		};
		F35DC5F020EC3B4E0057E993 /* Build configuration list for PBXNativeTarget "Phone Verification" */ = {
			isa = XCConfigurationList;
			buildConfigurations = (
				F35DC5F120EC3B4E0057E993 /* Debug */,
				F35DC5F220EC3B4E0057E993 /* Release */,
			);
			defaultConfigurationIsVisible = 0;
			defaultConfigurationName = Release;
		};
/* End XCConfigurationList section */
	};
	rootObject = F35DC5D620EC3B4E0057E993 /* Project object */;
}
